
Microsoft Visual Studio Solution File, Format Version 12.00
# Visual Studio Version 16
VisualStudioVersion = 16.0.31702.278
MinimumVisualStudioVersion = 10.0.40219.1
Project("{FAE04EC0-301F-11D3-BF4B-00C04F79EFBC}") = "Muresan_Miriam_Lab2", "Muresan_Miriam_Lab2.csproj", "{7C7E753C-F679-4621-95CA-AFC1C9F249BD}"
EndProject
Global
	GlobalSection(SolutionConfigurationPlatforms) = preSolution
		Debug|Any CPU = Debug|Any CPU
		Release|Any CPU = Release|Any CPU
	EndGlobalSection
	GlobalSection(ProjectConfigurationPlatforms) = postSolution
		{7C7E753C-F679-4621-95CA-AFC1C9F249BD}.Debug|Any CPU.ActiveCfg = Debug|Any CPU
		{7C7E753C-F679-4621-95CA-AFC1C9F249BD}.Debug|Any CPU.Build.0 = Debug|Any CPU
		{7C7E753C-F679-4621-95CA-AFC1C9F249BD}.Release|Any CPU.ActiveCfg = Release|Any CPU
		{7C7E753C-F679-4621-95CA-AFC1C9F249BD}.Release|Any CPU.Build.0 = Release|Any CPU
	EndGlobalSection
	GlobalSection(SolutionProperties) = preSolution
		HideSolutionNode = FALSE
	EndGlobalSection
	GlobalSection(ExtensibilityGlobals) = postSolution
		SolutionGuid = {8FED0A44-760F-45EE-8F7E-476A6592E396}
	EndGlobalSection
EndGlobal
